{
  "name": "parse-testing",
  "version": "1.0.0",
  "lockfileVersion": 2,
  "requires": true,
  "packages": {
    "": {
      "name": "parse-testing",
      "version": "1.0.0",
      "license": "ISC",
      "dependencies": {
        "@lokidb/loki": "^2.1.0"
      }
    },
    "node_modules/@lokidb/loki": {
      "version": "2.1.0",
      "resolved": "https://registry.npmjs.org/@lokidb/loki/-/loki-2.1.0.tgz",
      "integrity": "sha512-u2VH/4h4kZww23bak5I/oRai8VqIZCSuqiLbuSHpYXHB9Na5E9KNazh59prgUyvMzfooY7XKiHejbKVxFoAEOQ=="
    }
  },
  "dependencies": {
    "@lokidb/loki": {
      "version": "2.1.0",
      "resolved": "https://registry.npmjs.org/@lokidb/loki/-/loki-2.1.0.tgz",
      "integrity": "sha512-u2VH/4h4kZww23bak5I/oRai8VqIZCSuqiLbuSHpYXHB9Na5E9KNazh59prgUyvMzfooY7XKiHejbKVxFoAEOQ=="
    }
  }
}
